
Microsoft Visual Studio Solution File, Format Version 12.00
# Visual Studio Version 17
VisualStudioVersion = 17.14.36408.4 d17.14
MinimumVisualStudioVersion = 10.0.40219.1
Project("{FAE04EC0-301F-11D3-BF4B-00C04F79EFBC}") = "phan_mem_TN", "phan_mem_TN\phan_mem_TN.csproj", "{0B470A89-6DE4-402B-A0E4-2A1499085CA9}"
EndProject
Global
	GlobalSection(SolutionConfigurationPlatforms) = preSolution
		Debug|Any CPU = Debug|Any CPU
		Release|Any CPU = Release|Any CPU
	EndGlobalSection
	GlobalSection(ProjectConfigurationPlatforms) = postSolution
		{0B470A89-6DE4-402B-A0E4-2A1499085CA9}.Debug|Any CPU.ActiveCfg = Debug|Any CPU
		{0B470A89-6DE4-402B-A0E4-2A1499085CA9}.Debug|Any CPU.Build.0 = Debug|Any CPU
		{0B470A89-6DE4-402B-A0E4-2A1499085CA9}.Release|Any CPU.ActiveCfg = Release|Any CPU
		{0B470A89-6DE4-402B-A0E4-2A1499085CA9}.Release|Any CPU.Build.0 = Release|Any CPU
	EndGlobalSection
	GlobalSection(SolutionProperties) = preSolution
		HideSolutionNode = FALSE
	EndGlobalSection
	GlobalSection(ExtensibilityGlobals) = postSolution
		SolutionGuid = {F0CEE7D3-5658-4F3E-B895-11847F66C196}
	EndGlobalSection
EndGlobal
